Microsoft Visual Studio Solution File, Format Version 11.00
# Visual Studio 2008

Project("{6A8B0EB4-5AAA-184B-24A6-D9898C717503}") = "Procedural_terrain_2D", "Assembly-CSharp.csproj", "{3B668CF2-5287-CC61-9AB0-413C3F0013AE}"
EndProject
Project("{6A8B0EB4-5AAA-184B-24A6-D9898C717503}") = "Procedural_terrain_2D", "Assembly-CSharp-Editor.csproj", "{0F29E526-34F8-EB0C-DDDB-493E0ACC9857}"
EndProject
Global
	GlobalSection(SolutionConfigurationPlatforms) = preSolution
		Debug|Any CPU = Debug|Any CPU
		Release|Any CPU = Release|Any CPU
	EndGlobalSection
	GlobalSection(ProjectConfigurationPlatforms) = postSolution
		{3B668CF2-5287-CC61-9AB0-413C3F0013AE}.Debug|Any CPU.ActiveCfg = Debug|Any CPU
		{3B668CF2-5287-CC61-9AB0-413C3F0013AE}.Debug|Any CPU.Build.0 = Debug|Any CPU
		{3B668CF2-5287-CC61-9AB0-413C3F0013AE}.Release|Any CPU.ActiveCfg = Release|Any CPU
		{3B668CF2-5287-CC61-9AB0-413C3F0013AE}.Release|Any CPU.Build.0 = Release|Any CPU
		{0F29E526-34F8-EB0C-DDDB-493E0ACC9857}.Debug|Any CPU.ActiveCfg = Debug|Any CPU
		{0F29E526-34F8-EB0C-DDDB-493E0ACC9857}.Debug|Any CPU.Build.0 = Debug|Any CPU
		{0F29E526-34F8-EB0C-DDDB-493E0ACC9857}.Release|Any CPU.ActiveCfg = Release|Any CPU
		{0F29E526-34F8-EB0C-DDDB-493E0ACC9857}.Release|Any CPU.Build.0 = Release|Any CPU
	EndGlobalSection
	GlobalSection(SolutionProperties) = preSolution
		HideSolutionNode = FALSE
	EndGlobalSection
	GlobalSection(MonoDevelopProperties) = preSolution
		StartupItem = Assembly-CSharp.csproj
	EndGlobalSection
EndGlobal
