Microsoft Visual Studio Solution File, Format Version 11.00
# Visual Studio 2008

Project("{1E9AE79A-3AE8-1C97-7B6B-15D7A48BC254}") = "procedural_terrain_2D", "Assembly-CSharp.csproj", "{FF86D637-709D-8572-657E-2951AA156EDC}"
EndProject
Project("{1E9AE79A-3AE8-1C97-7B6B-15D7A48BC254}") = "procedural_terrain_2D", "Assembly-CSharp-Editor.csproj", "{3EA6459B-BAAB-E309-F4FA-F9A5C6CC238A}"
EndProject
Global
	GlobalSection(SolutionConfigurationPlatforms) = preSolution
		Debug|Any CPU = Debug|Any CPU
		Release|Any CPU = Release|Any CPU
	EndGlobalSection
	GlobalSection(ProjectConfigurationPlatforms) = postSolution
		{FF86D637-709D-8572-657E-2951AA156EDC}.Debug|Any CPU.ActiveCfg = Debug|Any CPU
		{FF86D637-709D-8572-657E-2951AA156EDC}.Debug|Any CPU.Build.0 = Debug|Any CPU
		{FF86D637-709D-8572-657E-2951AA156EDC}.Release|Any CPU.ActiveCfg = Release|Any CPU
		{FF86D637-709D-8572-657E-2951AA156EDC}.Release|Any CPU.Build.0 = Release|Any CPU
		{3EA6459B-BAAB-E309-F4FA-F9A5C6CC238A}.Debug|Any CPU.ActiveCfg = Debug|Any CPU
		{3EA6459B-BAAB-E309-F4FA-F9A5C6CC238A}.Debug|Any CPU.Build.0 = Debug|Any CPU
		{3EA6459B-BAAB-E309-F4FA-F9A5C6CC238A}.Release|Any CPU.ActiveCfg = Release|Any CPU
		{3EA6459B-BAAB-E309-F4FA-F9A5C6CC238A}.Release|Any CPU.Build.0 = Release|Any CPU
	EndGlobalSection
	GlobalSection(SolutionProperties) = preSolution
		HideSolutionNode = FALSE
	EndGlobalSection
	GlobalSection(MonoDevelopProperties) = preSolution
		StartupItem = Assembly-CSharp.csproj
	EndGlobalSection
EndGlobal
